
Microsoft Visual Studio Solution File, Format Version 12.00
# Visual Studio Version 17
VisualStudioVersion = 17.1.32414.318
MinimumVisualStudioVersion = 10.0.40219.1
Project("{FAE04EC0-301F-11D3-BF4B-00C04F79EFBC}") = "ConsoleApp3", "ConsoleApp3.csproj", "{61E5DEAB-3BF8-472E-A4EB-BE17EA600D97}"
EndProject
Global
	GlobalSection(SolutionConfigurationPlatforms) = preSolution
		Debug|Any CPU = Debug|Any CPU
		Release|Any CPU = Release|Any CPU
	EndGlobalSection
	GlobalSection(ProjectConfigurationPlatforms) = postSolution
		{61E5DEAB-3BF8-472E-A4EB-BE17EA600D97}.Debug|Any CPU.ActiveCfg = Debug|Any CPU
		{61E5DEAB-3BF8-472E-A4EB-BE17EA600D97}.Debug|Any CPU.Build.0 = Debug|Any CPU
		{61E5DEAB-3BF8-472E-A4EB-BE17EA600D97}.Release|Any CPU.ActiveCfg = Release|Any CPU
		{61E5DEAB-3BF8-472E-A4EB-BE17EA600D97}.Release|Any CPU.Build.0 = Release|Any CPU
	EndGlobalSection
	GlobalSection(SolutionProperties) = preSolution
		HideSolutionNode = FALSE
	EndGlobalSection
	GlobalSection(ExtensibilityGlobals) = postSolution
		SolutionGuid = {DA69A822-639A-4BEE-A4B9-8E1E8408DDE0}
	EndGlobalSection
EndGlobal
